// !$*UTF8*$!
{
	archiveVersion = 1;
	classes = {
	};
	objectVersion = 46;
	objects = {

/* Begin PBXBuildFile section */
		03BAB7FD1DC372B30005EAB8 /* RNTouchbarManager.h in Headers */ = {isa = PBXBuildFile; fileRef = 03BAB7FB1DC372B30005EAB8 /* RNTouchbarManager.h */; };
		03BAB7FE1DC372B30005EAB8 /* RNTouchbarManager.m in Sources */ = {isa = PBXBuildFile; fileRef = 03BAB7FC1DC372B30005EAB8 /* RNTouchbarManager.m */; };
		03BAB8011DC373360005EAB8 /* RNTouchbarRootView.h in Headers */ = {isa = PBXBuildFile; fileRef = 03BAB7FF1DC373360005EAB8 /* RNTouchbarRootView.h */; };
		03BAB8021DC373360005EAB8 /* RNTouchbarRootView.m in Sources */ = {isa = PBXBuildFile; fileRef = 03BAB8001DC373360005EAB8 /* RNTouchbarRootView.m */; };
/* End PBXBuildFile section */

/* Begin PBXFileReference section */
		03BAB7D61DC36BE70005EAB8 /* libRNTouchbar.a */ = {isa = PBXFileReference; explicitFileType = archive.ar; includeInIndex = 0; path = libRNTouchbar.a; sourceTree = BUILT_PRODUCTS_DIR; };
		03BAB7FB1DC372B30005EAB8 /* RNTouchbarManager.h */ = {isa = PBXFileReference; fileEncoding = 4; lastKnownFileType = sourcecode.c.h; path = RNTouchbarManager.h; sourceTree = "<group>"; };
		03BAB7FC1DC372B30005EAB8 /* RNTouchbarManager.m */ = {isa = PBXFileReference; fileEncoding = 4; lastKnownFileType = sourcecode.c.objc; path = RNTouchbarManager.m; sourceTree = "<group>"; };
		03BAB7FF1DC373360005EAB8 /* RNTouchbarRootView.h */ = {isa = PBXFileReference; fileEncoding = 4; lastKnownFileType = sourcecode.c.h; path = RNTouchbarRootView.h; sourceTree = "<group>"; };
		03BAB8001DC373360005EAB8 /* RNTouchbarRootView.m */ = {isa = PBXFileReference; fileEncoding = 4; lastKnownFileType = sourcecode.c.objc; path = RNTouchbarRootView.m; sourceTree = "<group>"; };
/* End PBXFileReference section */

/* Begin PBXFrameworksBuildPhase section */
		03BAB7D31DC36BE70005EAB8 /* Frameworks */ = {
			isa = PBXFrameworksBuildPhase;
			buildActionMask = 2147483647;
			files = (
			);
			runOnlyForDeploymentPostprocessing = 0;
		};
/* End PBXFrameworksBuildPhase section */

/* Begin PBXGroup section */
		03BAB7CD1DC36BE70005EAB8 = {
			isa = PBXGroup;
			children = (
				03BAB7D81DC36BE70005EAB8 /* RNTouchbar */,
				03BAB7D71DC36BE70005EAB8 /* Products */,
			);
			sourceTree = "<group>";
		};
		03BAB7D71DC36BE70005EAB8 /* Products */ = {
			isa = PBXGroup;
			children = (
				03BAB7D61DC36BE70005EAB8 /* libRNTouchbar.a */,
			);
			name = Products;
			sourceTree = "<group>";
		};
		03BAB7D81DC36BE70005EAB8 /* RNTouchbar */ = {
			isa = PBXGroup;
			children = (
				03BAB7FF1DC373360005EAB8 /* RNTouchbarRootView.h */,
				03BAB8001DC373360005EAB8 /* RNTouchbarRootView.m */,
				03BAB7FB1DC372B30005EAB8 /* RNTouchbarManager.h */,
				03BAB7FC1DC372B30005EAB8 /* RNTouchbarManager.m */,
			);
			path = RNTouchbar;
			sourceTree = "<group>";
		};
/* End PBXGroup section */

/* Begin PBXHeadersBuildPhase section */
		03BAB7D41DC36BE70005EAB8 /* Headers */ = {
			isa = PBXHeadersBuildPhase;
			buildActionMask = 2147483647;
			files = (
				03BAB7FD1DC372B30005EAB8 /* RNTouchbarManager.h in Headers */,
				03BAB8011DC373360005EAB8 /* RNTouchbarRootView.h in Headers */,
			);
			runOnlyForDeploymentPostprocessing = 0;
		};
/* End PBXHeadersBuildPhase section */

/* Begin PBXNativeTarget section */
		03BAB7D51DC36BE70005EAB8 /* RNTouchbar */ = {
			isa = PBXNativeTarget;
			buildConfigurationList = 03BAB7DF1DC36BE70005EAB8 /* Build configuration list for PBXNativeTarget "RNTouchbar" */;
			buildPhases = (
				03BAB7D21DC36BE70005EAB8 /* Sources */,
				03BAB7D31DC36BE70005EAB8 /* Frameworks */,
				03BAB7D41DC36BE70005EAB8 /* Headers */,
			);
			buildRules = (
			);
			dependencies = (
			);
			name = RNTouchbar;
			productName = RNTouchbar;
			productReference = 03BAB7D61DC36BE70005EAB8 /* libRNTouchbar.a */;
			productType = "com.apple.product-type.library.static";
		};
/* End PBXNativeTarget section */

/* Begin PBXProject section */
		03BAB7CE1DC36BE70005EAB8 /* Project object */ = {
			isa = PBXProject;
			attributes = {
				LastUpgradeCheck = 0810;
				ORGANIZATIONNAME = Skilled;
				TargetAttributes = {
					03BAB7D51DC36BE70005EAB8 = {
						CreatedOnToolsVersion = 8.1;
						ProvisioningStyle = Automatic;
					};
				};
			};
			buildConfigurationList = 03BAB7D11DC36BE70005EAB8 /* Build configuration list for PBXProject "RNTouchbar" */;
			compatibilityVersion = "Xcode 3.2";
			developmentRegion = English;
			hasScannedForEncodings = 0;
			knownRegions = (
				en,
			);
			mainGroup = 03BAB7CD1DC36BE70005EAB8;
			productRefGroup = 03BAB7D71DC36BE70005EAB8 /* Products */;
			projectDirPath = "";
			projectRoot = "";
			targets = (
				03BAB7D51DC36BE70005EAB8 /* RNTouchbar */,
			);
		};
/* End PBXProject section */

/* Begin PBXSourcesBuildPhase section */
		03BAB7D21DC36BE70005EAB8 /* Sources */ = {
			isa = PBXSourcesBuildPhase;
			buildActionMask = 2147483647;
			files = (
				03BAB8021DC373360005EAB8 /* RNTouchbarRootView.m in Sources */,
				03BAB7FE1DC372B30005EAB8 /* RNTouchbarManager.m in Sources */,
			);
			runOnlyForDeploymentPostprocessing = 0;
		};
/* End PBXSourcesBuildPhase section */

/* Begin XCBuildConfiguration section */
		03BAB7DD1DC36BE70005EAB8 /* Debug */ = {
			isa = XCBuildConfiguration;
			buildSettings = {
				ALWAYS_SEARCH_USER_PATHS = NO;
				CLANG_ANALYZER_NONNULL = YES;
				CLANG_CXX_LANGUAGE_STANDARD = "gnu++0x";
				CLANG_CXX_LIBRARY = "libc++";
				CLANG_ENABLE_MODULES = YES;
				CLANG_ENABLE_OBJC_ARC = YES;
				CLANG_WARN_BOOL_CONVERSION = YES;
				CLANG_WARN_CONSTANT_CONVERSION = YES;
				CLANG_WARN_DIRECT_OBJC_ISA_USAGE = YES_ERROR;
				CLANG_WARN_DOCUMENTATION_COMMENTS = YES;
				CLANG_WARN_EMPTY_BODY = YES;
				CLANG_WARN_ENUM_CONVERSION = YES;
				CLANG_WARN_INFINITE_RECURSION = YES;
				CLANG_WARN_INT_CONVERSION = YES;
				CLANG_WARN_OBJC_ROOT_CLASS = YES_ERROR;
				CLANG_WARN_SUSPICIOUS_MOVES = YES;
				CLANG_WARN_UNREACHABLE_CODE = YES;
				CLANG_WARN__DUPLICATE_METHOD_MATCH = YES;
				CODE_SIGN_IDENTITY = "-";
				COPY_PHASE_STRIP = NO;
				DEBUG_INFORMATION_FORMAT = dwarf;
				ENABLE_STRICT_OBJC_MSGSEND = YES;
				ENABLE_TESTABILITY = YES;
				GCC_C_LANGUAGE_STANDARD = gnu99;
				GCC_DYNAMIC_NO_PIC = NO;
				GCC_NO_COMMON_BLOCKS = YES;
				GCC_OPTIMIZATION_LEVEL = 0;
				GCC_PREPROCESSOR_DEFINITIONS = (
					"DEBUG=1",
					"$(inherited)",
				);
				GCC_WARN_64_TO_32_BIT_CONVERSION = YES;
				GCC_WARN_ABOUT_RETURN_TYPE = YES_ERROR;
				GCC_WARN_UNDECLARED_SELECTOR = YES;
				GCC_WARN_UNINITIALIZED_AUTOS = YES_AGGRESSIVE;
				GCC_WARN_UNUSED_FUNCTION = YES;
				GCC_WARN_UNUSED_VARIABLE = YES;
				LIBRARY_SEARCH_PATHS = "";
				MACOSX_DEPLOYMENT_TARGET = 10.12;
				MTL_ENABLE_DEBUG_INFO = YES;
				ONLY_ACTIVE_ARCH = YES;
				SDKROOT = macosx;
				USER_HEADER_SEARCH_PATHS = "$(SRCROOT)/../../react-native-macos/React/**";
			};
			name = Debug;
		};
		03BAB7DE1DC36BE70005EAB8 /* Release */ = {
			isa = XCBuildConfiguration;
			buildSettings = {
				ALWAYS_SEARCH_USER_PATHS = NO;
				CLANG_ANALYZER_NONNULL = YES;
				CLANG_CXX_LANGUAGE_STANDARD = "gnu++0x";
				CLANG_CXX_LIBRARY = "libc++";
				CLANG_ENABLE_MODULES = YES;
				CLANG_ENABLE_OBJC_ARC = YES;
				CLANG_WARN_BOOL_CONVERSION = YES;
				CLANG_WARN_CONSTANT_CONVERSION = YES;
				CLANG_WARN_DIRECT_OBJC_ISA_USAGE = YES_ERROR;
				CLANG_WARN_DOCUMENTATION_COMMENTS = YES;
				CLANG_WARN_EMPTY_BODY = YES;
				CLANG_WARN_ENUM_CONVERSION = YES;
				CLANG_WARN_INFINITE_RECURSION = YES;
				CLANG_WARN_INT_CONVERSION = YES;
				CLANG_WARN_OBJC_ROOT_CLASS = YES_ERROR;
				CLANG_WARN_SUSPICIOUS_MOVES = YES;
				CLANG_WARN_UNREACHABLE_CODE = YES;
				CLANG_WARN__DUPLICATE_METHOD_MATCH = YES;
				CODE_SIGN_IDENTITY = "-";
				COPY_PHASE_STRIP = NO;
				DEBUG_INFORMATION_FORMAT = "dwarf-with-dsym";
				ENABLE_NS_ASSERTIONS = NO;
				ENABLE_STRICT_OBJC_MSGSEND = YES;
				GCC_C_LANGUAGE_STANDARD = gnu99;
				GCC_NO_COMMON_BLOCKS = YES;
				GCC_WARN_64_TO_32_BIT_CONVERSION = YES;
				GCC_WARN_ABOUT_RETURN_TYPE = YES_ERROR;
				GCC_WARN_UNDECLARED_SELECTOR = YES;
				GCC_WARN_UNINITIALIZED_AUTOS = YES_AGGRESSIVE;
				GCC_WARN_UNUSED_FUNCTION = YES;
				GCC_WARN_UNUSED_VARIABLE = YES;
				LIBRARY_SEARCH_PATHS = "";
				MACOSX_DEPLOYMENT_TARGET = 10.12;
				MTL_ENABLE_DEBUG_INFO = NO;
				SDKROOT = macosx;
				USER_HEADER_SEARCH_PATHS = "$(SRCROOT)/../../react-native-macos/React/**";
			};
			name = Release;
		};
		03BAB7E01DC36BE70005EAB8 /* Debug */ = {
			isa = XCBuildConfiguration;
			buildSettings = {
				EXECUTABLE_PREFIX = lib;
				PRODUCT_NAME = "$(TARGET_NAME)";
			};
			name = Debug;
		};
		03BAB7E11DC36BE70005EAB8 /* Release */ = {
			isa = XCBuildConfiguration;
			buildSettings = {
				EXECUTABLE_PREFIX = lib;
				PRODUCT_NAME = "$(TARGET_NAME)";
			};
			name = Release;
		};
/* End XCBuildConfiguration section */

/* Begin XCConfigurationList section */
		03BAB7D11DC36BE70005EAB8 /* Build configuration list for PBXProject "RNTouchbar" */ = {
			isa = XCConfigurationList;
			buildConfigurations = (
				03BAB7DD1DC36BE70005EAB8 /* Debug */,
				03BAB7DE1DC36BE70005EAB8 /* Release */,
			);
			defaultConfigurationIsVisible = 0;
			defaultConfigurationName = Release;
		};
		03BAB7DF1DC36BE70005EAB8 /* Build configuration list for PBXNativeTarget "RNTouchbar" */ = {
			isa = XCConfigurationList;
			buildConfigurations = (
				03BAB7E01DC36BE70005EAB8 /* Debug */,
				03BAB7E11DC36BE70005EAB8 /* Release */,
			);
			defaultConfigurationIsVisible = 0;
		};
/* End XCConfigurationList section */
	};
	rootObject = 03BAB7CE1DC36BE70005EAB8 /* Project object */;
}
